// !$*UTF8*$!
{
	archiveVersion = 1;
	classes = {
	};
	objectVersion = 56;
	objects = {

/* Begin PBXBuildFile section */
		6C066B372AD47BE700D5B2C2 /* NavigationController.swift in Sources */ = {isa = PBXBuildFile; fileRef = 6C066B362AD47BE700D5B2C2 /* NavigationController.swift */; };
		6C48AD832ACF0D7A00509F3D /* AppDelegate.swift in Sources */ = {isa = PBXBuildFile; fileRef = 6C48AD822ACF0D7A00509F3D /* AppDelegate.swift */; };
		6C48AD852ACF0D7A00509F3D /* SceneDelegate.swift in Sources */ = {isa = PBXBuildFile; fileRef = 6C48AD842ACF0D7A00509F3D /* SceneDelegate.swift */; };
		6C48AD8C2ACF0D7C00509F3D /* Assets.xcassets in Resources */ = {isa = PBXBuildFile; fileRef = 6C48AD8B2ACF0D7C00509F3D /* Assets.xcassets */; };
		6C48AD8F2ACF0D7C00509F3D /* LaunchScreen.storyboard in Resources */ = {isa = PBXBuildFile; fileRef = 6C48AD8D2ACF0D7C00509F3D /* LaunchScreen.storyboard */; };
		6C48AD9A2ACF0D7C00509F3D /* PokemonAppTests.swift in Sources */ = {isa = PBXBuildFile; fileRef = 6C48AD992ACF0D7C00509F3D /* PokemonAppTests.swift */; };
		6C48ADA42ACF0D7C00509F3D /* PokemonAppUITests.swift in Sources */ = {isa = PBXBuildFile; fileRef = 6C48ADA32ACF0D7C00509F3D /* PokemonAppUITests.swift */; };
		6C48ADA62ACF0D7C00509F3D /* PokemonAppUITestsLaunchTests.swift in Sources */ = {isa = PBXBuildFile; fileRef = 6C48ADA52ACF0D7C00509F3D /* PokemonAppUITestsLaunchTests.swift */; };
		6C48ADC62ACF1EE800509F3D /* DetailViewController.swift in Sources */ = {isa = PBXBuildFile; fileRef = 6C48ADC52ACF1EE800509F3D /* DetailViewController.swift */; };
		6C48ADC82ACF1EF900509F3D /* FavoriteViewController.swift in Sources */ = {isa = PBXBuildFile; fileRef = 6C48ADC72ACF1EF900509F3D /* FavoriteViewController.swift */; };
		6C48ADCA2ACF1F1100509F3D /* SearchViewController.swift in Sources */ = {isa = PBXBuildFile; fileRef = 6C48ADC92ACF1F1100509F3D /* SearchViewController.swift */; };
		6C48ADCC2ACF1F6500509F3D /* TabBarController.swift in Sources */ = {isa = PBXBuildFile; fileRef = 6C48ADCB2ACF1F6500509F3D /* TabBarController.swift */; };
		6C48ADCE2ACF1F8F00509F3D /* DetailViewModel.swift in Sources */ = {isa = PBXBuildFile; fileRef = 6C48ADCD2ACF1F8F00509F3D /* DetailViewModel.swift */; };
		6C48ADD02ACF1F9F00509F3D /* FavoriteViewModel.swift in Sources */ = {isa = PBXBuildFile; fileRef = 6C48ADCF2ACF1F9F00509F3D /* FavoriteViewModel.swift */; };
		6C48ADD22ACF1FD100509F3D /* SearchViewModel.swift in Sources */ = {isa = PBXBuildFile; fileRef = 6C48ADD12ACF1FD100509F3D /* SearchViewModel.swift */; };
		6C48ADD42ACF1FDE00509F3D /* TabBarViewModel.swift in Sources */ = {isa = PBXBuildFile; fileRef = 6C48ADD32ACF1FDE00509F3D /* TabBarViewModel.swift */; };
		6C48ADD72ACF21DE00509F3D /* TargetType.swift in Sources */ = {isa = PBXBuildFile; fileRef = 6C48ADD62ACF21DE00509F3D /* TargetType.swift */; };
		6C48ADDA2ACF221B00509F3D /* Alamofire in Frameworks */ = {isa = PBXBuildFile; productRef = 6C48ADD92ACF221B00509F3D /* Alamofire */; };
		6C48ADDC2ACF2F1F00509F3D /* BaseAPI.swift in Sources */ = {isa = PBXBuildFile; fileRef = 6C48ADDB2ACF2F1F00509F3D /* BaseAPI.swift */; };
		6C48ADDE2ACF46F200509F3D /* Networking.swift in Sources */ = {isa = PBXBuildFile; fileRef = 6C48ADDD2ACF46F200509F3D /* Networking.swift */; };
		6C48ADE02ACF495D00509F3D /* AppConstants.swift in Sources */ = {isa = PBXBuildFile; fileRef = 6C48ADDF2ACF495D00509F3D /* AppConstants.swift */; };
		6C48ADE22ACF4AB500509F3D /* FetchService.swift in Sources */ = {isa = PBXBuildFile; fileRef = 6C48ADE12ACF4AB500509F3D /* FetchService.swift */; };
		6C48ADE42ACF4B5D00509F3D /* Pokemon.swift in Sources */ = {isa = PBXBuildFile; fileRef = 6C48ADE32ACF4B5D00509F3D /* Pokemon.swift */; };
		6C726D7F2ACFFBFC00B793E0 /* HomeTabBarItem.swift in Sources */ = {isa = PBXBuildFile; fileRef = 6C726D7E2ACFFBFC00B793E0 /* HomeTabBarItem.swift */; };
		6C726D852AD0832700B793E0 /* ViewModel.swift in Sources */ = {isa = PBXBuildFile; fileRef = 6C726D842AD0832700B793E0 /* ViewModel.swift */; };
		6C726D872AD0844F00B793E0 /* Navigator.swift in Sources */ = {isa = PBXBuildFile; fileRef = 6C726D862AD0844F00B793E0 /* Navigator.swift */; };
		6C726D8D2AD0971400B793E0 /* ViewController.swift in Sources */ = {isa = PBXBuildFile; fileRef = 6C726D8C2AD0971400B793E0 /* ViewController.swift */; };
		6CE4D6892AD29FCF001C6FFF /* RealmService.swift in Sources */ = {isa = PBXBuildFile; fileRef = 6CE4D6882AD29FCF001C6FFF /* RealmService.swift */; };
		6CE4D68D2AD2A08E001C6FFF /* RealmSwift in Frameworks */ = {isa = PBXBuildFile; productRef = 6CE4D68C2AD2A08E001C6FFF /* RealmSwift */; };
		6CE4D68F2AD2A2A6001C6FFF /* Favorite.swift in Sources */ = {isa = PBXBuildFile; fileRef = 6CE4D68E2AD2A2A6001C6FFF /* Favorite.swift */; };
		6CE4D6932AD2FDE2001C6FFF /* ReadMe.md in Resources */ = {isa = PBXBuildFile; fileRef = 6CE4D6922AD2FDE2001C6FFF /* ReadMe.md */; };
		6CE5AA402AD450D100818622 /* SnapKit in Frameworks */ = {isa = PBXBuildFile; productRef = 6CE5AA3F2AD450D100818622 /* SnapKit */; };
		6CE5AA422AD450EF00818622 /* SnapKit-Dynamic in Frameworks */ = {isa = PBXBuildFile; productRef = 6CE5AA412AD450EF00818622 /* SnapKit-Dynamic */; };
		6CE5AA432AD450EF00818622 /* SnapKit-Dynamic in Embed Frameworks */ = {isa = PBXBuildFile; productRef = 6CE5AA412AD450EF00818622 /* SnapKit-Dynamic */; settings = {ATTRIBUTES = (CodeSignOnCopy, ); }; };
		6CE5AA472AD45E3400818622 /* SearchViewModelTest.swift in Sources */ = {isa = PBXBuildFile; fileRef = 6CE5AA462AD45E3400818622 /* SearchViewModelTest.swift */; };
		6CF057072AD1744600DF42AE /* SearchCell.swift in Sources */ = {isa = PBXBuildFile; fileRef = 6CF057062AD1744600DF42AE /* SearchCell.swift */; };
		6CF0570B2AD1793000DF42AE /* SF-Pro-Text-Regular.otf in Resources */ = {isa = PBXBuildFile; fileRef = 6CF057092AD1793000DF42AE /* SF-Pro-Text-Regular.otf */; };
		6CF0570C2AD1793000DF42AE /* SF-Pro-Text-Medium.otf in Resources */ = {isa = PBXBuildFile; fileRef = 6CF0570A2AD1793000DF42AE /* SF-Pro-Text-Medium.otf */; };
		6CF0570E2AD17A1100DF42AE /* UIFont+Extension.swift in Sources */ = {isa = PBXBuildFile; fileRef = 6CF0570D2AD17A1100DF42AE /* UIFont+Extension.swift */; };
		6CF057102AD188D000DF42AE /* ContentManager.swift in Sources */ = {isa = PBXBuildFile; fileRef = 6CF0570F2AD188D000DF42AE /* ContentManager.swift */; };
		6CF057122AD1934D00DF42AE /* ImageService.swift in Sources */ = {isa = PBXBuildFile; fileRef = 6CF057112AD1934D00DF42AE /* ImageService.swift */; };
		6CF057152AD195FF00DF42AE /* AlamofireImage in Frameworks */ = {isa = PBXBuildFile; productRef = 6CF057142AD195FF00DF42AE /* AlamofireImage */; };
		6CF057172AD1D58D00DF42AE /* UIView+Extensions.swift in Sources */ = {isa = PBXBuildFile; fileRef = 6CF057162AD1D58D00DF42AE /* UIView+Extensions.swift */; };
		6CF057202AD1ECC400DF42AE /* FavoriteCell.swift in Sources */ = {isa = PBXBuildFile; fileRef = 6CF0571F2AD1ECC400DF42AE /* FavoriteCell.swift */; };
/* End PBXBuildFile section */

/* Begin PBXContainerItemProxy section */
		6C48AD962ACF0D7C00509F3D /* PBXContainerItemProxy */ = {
			isa = PBXContainerItemProxy;
			containerPortal = 6C48AD772ACF0D7A00509F3D /* Project object */;
			proxyType = 1;
			remoteGlobalIDString = 6C48AD7E2ACF0D7A00509F3D;
			remoteInfo = PokemonApp;
		};
		6C48ADA02ACF0D7C00509F3D /* PBXContainerItemProxy */ = {
			isa = PBXContainerItemProxy;
			containerPortal = 6C48AD772ACF0D7A00509F3D /* Project object */;
			proxyType = 1;
			remoteGlobalIDString = 6C48AD7E2ACF0D7A00509F3D;
			remoteInfo = PokemonApp;
		};
/* End PBXContainerItemProxy section */

/* Begin PBXCopyFilesBuildPhase section */
		6CF057032AD1488500DF42AE /* Embed Frameworks */ = {
			isa = PBXCopyFilesBuildPhase;
			buildActionMask = 2147483647;
			dstPath = "";
			dstSubfolderSpec = 10;
			files = (
				6CE5AA432AD450EF00818622 /* SnapKit-Dynamic in Embed Frameworks */,
			);
			name = "Embed Frameworks";
			runOnlyForDeploymentPostprocessing = 0;
		};
/* End PBXCopyFilesBuildPhase section */

/* Begin PBXFileReference section */
		6C066B362AD47BE700D5B2C2 /* NavigationController.swift */ = {isa = PBXFileReference; lastKnownFileType = sourcecode.swift; path = NavigationController.swift; sourceTree = "<group>"; };
		6C48AD7F2ACF0D7A00509F3D /* PokemonApp.app */ = {isa = PBXFileReference; explicitFileType = wrapper.application; includeInIndex = 0; path = PokemonApp.app; sourceTree = BUILT_PRODUCTS_DIR; };
		6C48AD822ACF0D7A00509F3D /* AppDelegate.swift */ = {isa = PBXFileReference; lastKnownFileType = sourcecode.swift; path = AppDelegate.swift; sourceTree = "<group>"; };
		6C48AD842ACF0D7A00509F3D /* SceneDelegate.swift */ = {isa = PBXFileReference; lastKnownFileType = sourcecode.swift; path = SceneDelegate.swift; sourceTree = "<group>"; };
		6C48AD8B2ACF0D7C00509F3D /* Assets.xcassets */ = {isa = PBXFileReference; lastKnownFileType = folder.assetcatalog; path = Assets.xcassets; sourceTree = "<group>"; };
		6C48AD8E2ACF0D7C00509F3D /* Base */ = {isa = PBXFileReference; lastKnownFileType = file.storyboard; name = Base; path = Base.lproj/LaunchScreen.storyboard; sourceTree = "<group>"; };
		6C48AD902ACF0D7C00509F3D /* Info.plist */ = {isa = PBXFileReference; lastKnownFileType = text.plist.xml; path = Info.plist; sourceTree = "<group>"; };
		6C48AD952ACF0D7C00509F3D /* PokemonAppTests.xctest */ = {isa = PBXFileReference; explicitFileType = wrapper.cfbundle; includeInIndex = 0; path = PokemonAppTests.xctest; sourceTree = BUILT_PRODUCTS_DIR; };
		6C48AD992ACF0D7C00509F3D /* PokemonAppTests.swift */ = {isa = PBXFileReference; lastKnownFileType = sourcecode.swift; path = PokemonAppTests.swift; sourceTree = "<group>"; };
		6C48AD9F2ACF0D7C00509F3D /* PokemonAppUITests.xctest */ = {isa = PBXFileReference; explicitFileType = wrapper.cfbundle; includeInIndex = 0; path = PokemonAppUITests.xctest; sourceTree = BUILT_PRODUCTS_DIR; };
		6C48ADA32ACF0D7C00509F3D /* PokemonAppUITests.swift */ = {isa = PBXFileReference; lastKnownFileType = sourcecode.swift; path = PokemonAppUITests.swift; sourceTree = "<group>"; };
		6C48ADA52ACF0D7C00509F3D /* PokemonAppUITestsLaunchTests.swift */ = {isa = PBXFileReference; lastKnownFileType = sourcecode.swift; path = PokemonAppUITestsLaunchTests.swift; sourceTree = "<group>"; };
		6C48ADC52ACF1EE800509F3D /* DetailViewController.swift */ = {isa = PBXFileReference; lastKnownFileType = sourcecode.swift; path = DetailViewController.swift; sourceTree = "<group>"; };
		6C48ADC72ACF1EF900509F3D /* FavoriteViewController.swift */ = {isa = PBXFileReference; lastKnownFileType = sourcecode.swift; path = FavoriteViewController.swift; sourceTree = "<group>"; };
		6C48ADC92ACF1F1100509F3D /* SearchViewController.swift */ = {isa = PBXFileReference; lastKnownFileType = sourcecode.swift; path = SearchViewController.swift; sourceTree = "<group>"; };
		6C48ADCB2ACF1F6500509F3D /* TabBarController.swift */ = {isa = PBXFileReference; lastKnownFileType = sourcecode.swift; path = TabBarController.swift; sourceTree = "<group>"; };
		6C48ADCD2ACF1F8F00509F3D /* DetailViewModel.swift */ = {isa = PBXFileReference; lastKnownFileType = sourcecode.swift; path = DetailViewModel.swift; sourceTree = "<group>"; };
		6C48ADCF2ACF1F9F00509F3D /* FavoriteViewModel.swift */ = {isa = PBXFileReference; lastKnownFileType = sourcecode.swift; path = FavoriteViewModel.swift; sourceTree = "<group>"; };
		6C48ADD12ACF1FD100509F3D /* SearchViewModel.swift */ = {isa = PBXFileReference; lastKnownFileType = sourcecode.swift; path = SearchViewModel.swift; sourceTree = "<group>"; };
		6C48ADD32ACF1FDE00509F3D /* TabBarViewModel.swift */ = {isa = PBXFileReference; lastKnownFileType = sourcecode.swift; path = TabBarViewModel.swift; sourceTree = "<group>"; };
		6C48ADD62ACF21DE00509F3D /* TargetType.swift */ = {isa = PBXFileReference; lastKnownFileType = sourcecode.swift; path = TargetType.swift; sourceTree = "<group>"; };
		6C48ADDB2ACF2F1F00509F3D /* BaseAPI.swift */ = {isa = PBXFileReference; lastKnownFileType = sourcecode.swift; path = BaseAPI.swift; sourceTree = "<group>"; };
		6C48ADDD2ACF46F200509F3D /* Networking.swift */ = {isa = PBXFileReference; lastKnownFileType = sourcecode.swift; path = Networking.swift; sourceTree = "<group>"; };
		6C48ADDF2ACF495D00509F3D /* AppConstants.swift */ = {isa = PBXFileReference; lastKnownFileType = sourcecode.swift; path = AppConstants.swift; sourceTree = "<group>"; };
		6C48ADE12ACF4AB500509F3D /* FetchService.swift */ = {isa = PBXFileReference; lastKnownFileType = sourcecode.swift; path = FetchService.swift; sourceTree = "<group>"; };
		6C48ADE32ACF4B5D00509F3D /* Pokemon.swift */ = {isa = PBXFileReference; lastKnownFileType = sourcecode.swift; path = Pokemon.swift; sourceTree = "<group>"; };
		6C726D7E2ACFFBFC00B793E0 /* HomeTabBarItem.swift */ = {isa = PBXFileReference; lastKnownFileType = sourcecode.swift; path = HomeTabBarItem.swift; sourceTree = "<group>"; };
		6C726D842AD0832700B793E0 /* ViewModel.swift */ = {isa = PBXFileReference; lastKnownFileType = sourcecode.swift; path = ViewModel.swift; sourceTree = "<group>"; };
		6C726D862AD0844F00B793E0 /* Navigator.swift */ = {isa = PBXFileReference; lastKnownFileType = sourcecode.swift; path = Navigator.swift; sourceTree = "<group>"; };
		6C726D8C2AD0971400B793E0 /* ViewController.swift */ = {isa = PBXFileReference; lastKnownFileType = sourcecode.swift; path = ViewController.swift; sourceTree = "<group>"; };
		6CE4D6882AD29FCF001C6FFF /* RealmService.swift */ = {isa = PBXFileReference; lastKnownFileType = sourcecode.swift; path = RealmService.swift; sourceTree = "<group>"; };
		6CE4D68E2AD2A2A6001C6FFF /* Favorite.swift */ = {isa = PBXFileReference; lastKnownFileType = sourcecode.swift; path = Favorite.swift; sourceTree = "<group>"; };
		6CE4D6922AD2FDE2001C6FFF /* ReadMe.md */ = {isa = PBXFileReference; lastKnownFileType = net.daringfireball.markdown; path = ReadMe.md; sourceTree = "<group>"; };
		6CE5AA462AD45E3400818622 /* SearchViewModelTest.swift */ = {isa = PBXFileReference; lastKnownFileType = sourcecode.swift; path = SearchViewModelTest.swift; sourceTree = "<group>"; };
		6CF057062AD1744600DF42AE /* SearchCell.swift */ = {isa = PBXFileReference; lastKnownFileType = sourcecode.swift; path = SearchCell.swift; sourceTree = "<group>"; };
		6CF057092AD1793000DF42AE /* SF-Pro-Text-Regular.otf */ = {isa = PBXFileReference; lastKnownFileType = file; path = "SF-Pro-Text-Regular.otf"; sourceTree = "<group>"; };
		6CF0570A2AD1793000DF42AE /* SF-Pro-Text-Medium.otf */ = {isa = PBXFileReference; lastKnownFileType = file; path = "SF-Pro-Text-Medium.otf"; sourceTree = "<group>"; };
		6CF0570D2AD17A1100DF42AE /* UIFont+Extension.swift */ = {isa = PBXFileReference; lastKnownFileType = sourcecode.swift; path = "UIFont+Extension.swift"; sourceTree = "<group>"; };
		6CF0570F2AD188D000DF42AE /* ContentManager.swift */ = {isa = PBXFileReference; lastKnownFileType = sourcecode.swift; path = ContentManager.swift; sourceTree = "<group>"; };
		6CF057112AD1934D00DF42AE /* ImageService.swift */ = {isa = PBXFileReference; lastKnownFileType = sourcecode.swift; path = ImageService.swift; sourceTree = "<group>"; };
		6CF057162AD1D58D00DF42AE /* UIView+Extensions.swift */ = {isa = PBXFileReference; lastKnownFileType = sourcecode.swift; path = "UIView+Extensions.swift"; sourceTree = "<group>"; };
		6CF0571F2AD1ECC400DF42AE /* FavoriteCell.swift */ = {isa = PBXFileReference; lastKnownFileType = sourcecode.swift; path = FavoriteCell.swift; sourceTree = "<group>"; };
/* End PBXFileReference section */

/* Begin PBXFrameworksBuildPhase section */
		6C48AD7C2ACF0D7A00509F3D /* Frameworks */ = {
			isa = PBXFrameworksBuildPhase;
			buildActionMask = 2147483647;
			files = (
				6CE5AA422AD450EF00818622 /* SnapKit-Dynamic in Frameworks */,
				6CE4D68D2AD2A08E001C6FFF /* RealmSwift in Frameworks */,
				6CE5AA402AD450D100818622 /* SnapKit in Frameworks */,
				6C48ADDA2ACF221B00509F3D /* Alamofire in Frameworks */,
				6CF057152AD195FF00DF42AE /* AlamofireImage in Frameworks */,
			);
			runOnlyForDeploymentPostprocessing = 0;
		};
		6C48AD922ACF0D7C00509F3D /* Frameworks */ = {
			isa = PBXFrameworksBuildPhase;
			buildActionMask = 2147483647;
			files = (
			);
			runOnlyForDeploymentPostprocessing = 0;
		};
		6C48AD9C2ACF0D7C00509F3D /* Frameworks */ = {
			isa = PBXFrameworksBuildPhase;
			buildActionMask = 2147483647;
			files = (
			);
			runOnlyForDeploymentPostprocessing = 0;
		};
/* End PBXFrameworksBuildPhase section */

/* Begin PBXGroup section */
		6C48AD762ACF0D7A00509F3D = {
			isa = PBXGroup;
			children = (
				6C48AD812ACF0D7A00509F3D /* PokemonApp */,
				6C48AD982ACF0D7C00509F3D /* PokemonAppTests */,
				6C48ADA22ACF0D7C00509F3D /* PokemonAppUITests */,
				6C48AD802ACF0D7A00509F3D /* Products */,
				6CF056FE2AD1488500DF42AE /* Frameworks */,
			);
			sourceTree = "<group>";
		};
		6C48AD802ACF0D7A00509F3D /* Products */ = {
			isa = PBXGroup;
			children = (
				6C48AD7F2ACF0D7A00509F3D /* PokemonApp.app */,
				6C48AD952ACF0D7C00509F3D /* PokemonAppTests.xctest */,
				6C48AD9F2ACF0D7C00509F3D /* PokemonAppUITests.xctest */,
			);
			name = Products;
			sourceTree = "<group>";
		};
		6C48AD812ACF0D7A00509F3D /* PokemonApp */ = {
			isa = PBXGroup;
			children = (
				6C48ADB22ACF16CE00509F3D /* AppFiles */,
				6C48ADB32ACF17E300509F3D /* Scenes */,
				6C48ADB42ACF17FD00509F3D /* Services */,
				6CE4D6872AD29F80001C6FFF /* Managers */,
				6C48ADD52ACF21B700509F3D /* API */,
				6C48ADB52ACF180900509F3D /* Models */,
				6C48ADB62ACF181000509F3D /* Extensions */,
				6C48ADB82ACF18A600509F3D /* Utilities */,
				6C48ADB72ACF181C00509F3D /* Resources */,
			);
			path = PokemonApp;
			sourceTree = "<group>";
		};
		6C48AD982ACF0D7C00509F3D /* PokemonAppTests */ = {
			isa = PBXGroup;
			children = (
				6CE5AA482AD4601700818622 /* Modules */,
				6C48AD992ACF0D7C00509F3D /* PokemonAppTests.swift */,
			);
			path = PokemonAppTests;
			sourceTree = "<group>";
		};
		6C48ADA22ACF0D7C00509F3D /* PokemonAppUITests */ = {
			isa = PBXGroup;
			children = (
				6C48ADA32ACF0D7C00509F3D /* PokemonAppUITests.swift */,
				6C48ADA52ACF0D7C00509F3D /* PokemonAppUITestsLaunchTests.swift */,
			);
			path = PokemonAppUITests;
			sourceTree = "<group>";
		};
		6C48ADB22ACF16CE00509F3D /* AppFiles */ = {
			isa = PBXGroup;
			children = (
				6C48AD822ACF0D7A00509F3D /* AppDelegate.swift */,
				6C48AD842ACF0D7A00509F3D /* SceneDelegate.swift */,
				6C726D862AD0844F00B793E0 /* Navigator.swift */,
			);
			path = AppFiles;
			sourceTree = "<group>";
		};
		6C48ADB32ACF17E300509F3D /* Scenes */ = {
			isa = PBXGroup;
			children = (
				6C726D802AD0801100B793E0 /* Common */,
				6C48ADBE2ACF1DA300509F3D /* Detail */,
				6C48ADBD2ACF1D4200509F3D /* Favorite */,
				6C48ADBC2ACF1D3700509F3D /* Search */,
				6C48ADB92ACF18C400509F3D /* TabBar */,
			);
			path = Scenes;
			sourceTree = "<group>";
		};
		6C48ADB42ACF17FD00509F3D /* Services */ = {
			isa = PBXGroup;
			children = (
				6C48ADE12ACF4AB500509F3D /* FetchService.swift */,
				6CF057112AD1934D00DF42AE /* ImageService.swift */,
				6CE4D6882AD29FCF001C6FFF /* RealmService.swift */,
			);
			path = Services;
			sourceTree = "<group>";
		};
		6C48ADB52ACF180900509F3D /* Models */ = {
			isa = PBXGroup;
			children = (
				6C48ADE32ACF4B5D00509F3D /* Pokemon.swift */,
				6CE4D68E2AD2A2A6001C6FFF /* Favorite.swift */,
			);
			path = Models;
			sourceTree = "<group>";
		};
		6C48ADB62ACF181000509F3D /* Extensions */ = {
			isa = PBXGroup;
			children = (
				6CF0570D2AD17A1100DF42AE /* UIFont+Extension.swift */,
				6CF057162AD1D58D00DF42AE /* UIView+Extensions.swift */,
			);
			path = Extensions;
			sourceTree = "<group>";
		};
		6C48ADB72ACF181C00509F3D /* Resources */ = {
			isa = PBXGroup;
			children = (
				6CF057082AD178E700DF42AE /* Font */,
				6C48AD8D2ACF0D7C00509F3D /* LaunchScreen.storyboard */,
				6C48AD902ACF0D7C00509F3D /* Info.plist */,
				6C48AD8B2ACF0D7C00509F3D /* Assets.xcassets */,
				6CE4D6922AD2FDE2001C6FFF /* ReadMe.md */,
			);
			path = Resources;
			sourceTree = "<group>";
		};
		6C48ADB82ACF18A600509F3D /* Utilities */ = {
			isa = PBXGroup;
			children = (
				6C48ADDF2ACF495D00509F3D /* AppConstants.swift */,
			);
			path = Utilities;
			sourceTree = "<group>";
		};
		6C48ADB92ACF18C400509F3D /* TabBar */ = {
			isa = PBXGroup;
			children = (
				6C48ADBA2ACF1D0900509F3D /* ViewModel */,
				6C48ADBB2ACF1D1100509F3D /* View */,
			);
			path = TabBar;
			sourceTree = "<group>";
		};
		6C48ADBA2ACF1D0900509F3D /* ViewModel */ = {
			isa = PBXGroup;
			children = (
				6C48ADD32ACF1FDE00509F3D /* TabBarViewModel.swift */,
			);
			path = ViewModel;
			sourceTree = "<group>";
		};
		6C48ADBB2ACF1D1100509F3D /* View */ = {
			isa = PBXGroup;
			children = (
				6C726D7D2ACFFBCD00B793E0 /* Item */,
				6C48ADCB2ACF1F6500509F3D /* TabBarController.swift */,
			);
			path = View;
			sourceTree = "<group>";
		};
		6C48ADBC2ACF1D3700509F3D /* Search */ = {
			isa = PBXGroup;
			children = (
				6CF057052AD1742B00DF42AE /* Cell */,
				6C48ADBF2ACF1DAC00509F3D /* ViewModel */,
				6C48ADC02ACF1DB500509F3D /* View */,
			);
			path = Search;
			sourceTree = "<group>";
		};
		6C48ADBD2ACF1D4200509F3D /* Favorite */ = {
			isa = PBXGroup;
			children = (
				6CF0571E2AD1ECB500DF42AE /* Cell */,
				6C48ADC12ACF1DC600509F3D /* ViewModel */,
				6C48ADC22ACF1DCE00509F3D /* View */,
			);
			path = Favorite;
			sourceTree = "<group>";
		};
		6C48ADBE2ACF1DA300509F3D /* Detail */ = {
			isa = PBXGroup;
			children = (
				6C48ADC32ACF1DD700509F3D /* ViewModel */,
				6C48ADC42ACF1DE900509F3D /* View */,
			);
			path = Detail;
			sourceTree = "<group>";
		};
		6C48ADBF2ACF1DAC00509F3D /* ViewModel */ = {
			isa = PBXGroup;
			children = (
				6C48ADD12ACF1FD100509F3D /* SearchViewModel.swift */,
			);
			path = ViewModel;
			sourceTree = "<group>";
		};
		6C48ADC02ACF1DB500509F3D /* View */ = {
			isa = PBXGroup;
			children = (
				6C48ADC92ACF1F1100509F3D /* SearchViewController.swift */,
			);
			path = View;
			sourceTree = "<group>";
		};
		6C48ADC12ACF1DC600509F3D /* ViewModel */ = {
			isa = PBXGroup;
			children = (
				6C48ADCF2ACF1F9F00509F3D /* FavoriteViewModel.swift */,
			);
			path = ViewModel;
			sourceTree = "<group>";
		};
		6C48ADC22ACF1DCE00509F3D /* View */ = {
			isa = PBXGroup;
			children = (
				6C48ADC72ACF1EF900509F3D /* FavoriteViewController.swift */,
			);
			path = View;
			sourceTree = "<group>";
		};
		6C48ADC32ACF1DD700509F3D /* ViewModel */ = {
			isa = PBXGroup;
			children = (
				6C48ADCD2ACF1F8F00509F3D /* DetailViewModel.swift */,
			);
			path = ViewModel;
			sourceTree = "<group>";
		};
		6C48ADC42ACF1DE900509F3D /* View */ = {
			isa = PBXGroup;
			children = (
				6C48ADC52ACF1EE800509F3D /* DetailViewController.swift */,
			);
			path = View;
			sourceTree = "<group>";
		};
		6C48ADD52ACF21B700509F3D /* API */ = {
			isa = PBXGroup;
			children = (
				6C48ADD62ACF21DE00509F3D /* TargetType.swift */,
				6C48ADDB2ACF2F1F00509F3D /* BaseAPI.swift */,
				6C48ADDD2ACF46F200509F3D /* Networking.swift */,
			);
			path = API;
			sourceTree = "<group>";
		};
		6C726D7D2ACFFBCD00B793E0 /* Item */ = {
			isa = PBXGroup;
			children = (
				6C726D7E2ACFFBFC00B793E0 /* HomeTabBarItem.swift */,
			);
			path = Item;
			sourceTree = "<group>";
		};
		6C726D802AD0801100B793E0 /* Common */ = {
			isa = PBXGroup;
			children = (
				6C726D832AD0831700B793E0 /* ViewModel */,
				6C726D822AD0830700B793E0 /* Components */,
			);
			path = Common;
			sourceTree = "<group>";
		};
		6C726D822AD0830700B793E0 /* Components */ = {
			isa = PBXGroup;
			children = (
				6C726D8C2AD0971400B793E0 /* ViewController.swift */,
				6C066B362AD47BE700D5B2C2 /* NavigationController.swift */,
			);
			path = Components;
			sourceTree = "<group>";
		};
		6C726D832AD0831700B793E0 /* ViewModel */ = {
			isa = PBXGroup;
			children = (
				6C726D842AD0832700B793E0 /* ViewModel.swift */,
			);
			path = ViewModel;
			sourceTree = "<group>";
		};
		6CE4D6872AD29F80001C6FFF /* Managers */ = {
			isa = PBXGroup;
			children = (
				6CF0570F2AD188D000DF42AE /* ContentManager.swift */,
			);
			path = Managers;
			sourceTree = "<group>";
		};
		6CE5AA482AD4601700818622 /* Modules */ = {
			isa = PBXGroup;
			children = (
				6CE5AA492AD4602300818622 /* Search */,
			);
			path = Modules;
			sourceTree = "<group>";
		};
		6CE5AA492AD4602300818622 /* Search */ = {
			isa = PBXGroup;
			children = (
				6CE5AA462AD45E3400818622 /* SearchViewModelTest.swift */,
			);
			path = Search;
			sourceTree = "<group>";
		};
		6CF056FE2AD1488500DF42AE /* Frameworks */ = {
			isa = PBXGroup;
			children = (
			);
			name = Frameworks;
			sourceTree = "<group>";
		};
		6CF057052AD1742B00DF42AE /* Cell */ = {
			isa = PBXGroup;
			children = (
				6CF057062AD1744600DF42AE /* SearchCell.swift */,
			);
			path = Cell;
			sourceTree = "<group>";
		};
		6CF057082AD178E700DF42AE /* Font */ = {
			isa = PBXGroup;
			children = (
				6CF0570A2AD1793000DF42AE /* SF-Pro-Text-Medium.otf */,
				6CF057092AD1793000DF42AE /* SF-Pro-Text-Regular.otf */,
			);
			path = Font;
			sourceTree = "<group>";
		};
		6CF0571E2AD1ECB500DF42AE /* Cell */ = {
			isa = PBXGroup;
			children = (
				6CF0571F2AD1ECC400DF42AE /* FavoriteCell.swift */,
			);
			path = Cell;
			sourceTree = "<group>";
		};
/* End PBXGroup section */

/* Begin PBXNativeTarget section */
		6C48AD7E2ACF0D7A00509F3D /* PokemonApp */ = {
			isa = PBXNativeTarget;
			buildConfigurationList = 6C48ADA92ACF0D7C00509F3D /* Build configuration list for PBXNativeTarget "PokemonApp" */;
			buildPhases = (
				6C48AD7B2ACF0D7A00509F3D /* Sources */,
				6C48AD7C2ACF0D7A00509F3D /* Frameworks */,
				6C48AD7D2ACF0D7A00509F3D /* Resources */,
				6CF057032AD1488500DF42AE /* Embed Frameworks */,
			);
			buildRules = (
			);
			dependencies = (
			);
			name = PokemonApp;
			packageProductDependencies = (
				6C48ADD92ACF221B00509F3D /* Alamofire */,
				6CF057142AD195FF00DF42AE /* AlamofireImage */,
				6CE4D68C2AD2A08E001C6FFF /* RealmSwift */,
				6CE5AA3F2AD450D100818622 /* SnapKit */,
				6CE5AA412AD450EF00818622 /* SnapKit-Dynamic */,
			);
			productName = PokemonApp;
			productReference = 6C48AD7F2ACF0D7A00509F3D /* PokemonApp.app */;
			productType = "com.apple.product-type.application";
		};
		6C48AD942ACF0D7C00509F3D /* PokemonAppTests */ = {
			isa = PBXNativeTarget;
			buildConfigurationList = 6C48ADAC2ACF0D7C00509F3D /* Build configuration list for PBXNativeTarget "PokemonAppTests" */;
			buildPhases = (
				6C48AD912ACF0D7C00509F3D /* Sources */,
				6C48AD922ACF0D7C00509F3D /* Frameworks */,
				6C48AD932ACF0D7C00509F3D /* Resources */,
			);
			buildRules = (
			);
			dependencies = (
				6C48AD972ACF0D7C00509F3D /* PBXTargetDependency */,
			);
			name = PokemonAppTests;
			productName = PokemonAppTests;
			productReference = 6C48AD952ACF0D7C00509F3D /* PokemonAppTests.xctest */;
			productType = "com.apple.product-type.bundle.unit-test";
		};
		6C48AD9E2ACF0D7C00509F3D /* PokemonAppUITests */ = {
			isa = PBXNativeTarget;
			buildConfigurationList = 6C48ADAF2ACF0D7C00509F3D /* Build configuration list for PBXNativeTarget "PokemonAppUITests" */;
			buildPhases = (
				6C48AD9B2ACF0D7C00509F3D /* Sources */,
				6C48AD9C2ACF0D7C00509F3D /* Frameworks */,
				6C48AD9D2ACF0D7C00509F3D /* Resources */,
			);
			buildRules = (
			);
			dependencies = (
				6C48ADA12ACF0D7C00509F3D /* PBXTargetDependency */,
			);
			name = PokemonAppUITests;
			productName = PokemonAppUITests;
			productReference = 6C48AD9F2ACF0D7C00509F3D /* PokemonAppUITests.xctest */;
			productType = "com.apple.product-type.bundle.ui-testing";
		};
/* End PBXNativeTarget section */

/* Begin PBXProject section */
		6C48AD772ACF0D7A00509F3D /* Project object */ = {
			isa = PBXProject;
			attributes = {
				BuildIndependentTargetsInParallel = 1;
				LastSwiftUpdateCheck = 1500;
				LastUpgradeCheck = 1500;
				TargetAttributes = {
					6C48AD7E2ACF0D7A00509F3D = {
						CreatedOnToolsVersion = 15.0;
					};
					6C48AD942ACF0D7C00509F3D = {
						CreatedOnToolsVersion = 15.0;
						TestTargetID = 6C48AD7E2ACF0D7A00509F3D;
					};
					6C48AD9E2ACF0D7C00509F3D = {
						CreatedOnToolsVersion = 15.0;
						TestTargetID = 6C48AD7E2ACF0D7A00509F3D;
					};
				};
			};
			buildConfigurationList = 6C48AD7A2ACF0D7A00509F3D /* Build configuration list for PBXProject "PokemonApp" */;
			compatibilityVersion = "Xcode 14.0";
			developmentRegion = en;
			hasScannedForEncodings = 0;
			knownRegions = (
				en,
				Base,
			);
			mainGroup = 6C48AD762ACF0D7A00509F3D;
			packageReferences = (
				6C48ADD82ACF221B00509F3D /* XCRemoteSwiftPackageReference "Alamofire" */,
				6CF057132AD195FF00DF42AE /* XCRemoteSwiftPackageReference "AlamofireImage" */,
				6CF0571B2AD1DE7200DF42AE /* XCRemoteSwiftPackageReference "realm-swift" */,
				6CE5AA372AD44F4E00818622 /* XCRemoteSwiftPackageReference "SnapKit" */,
			);
			productRefGroup = 6C48AD802ACF0D7A00509F3D /* Products */;
			projectDirPath = "";
			projectRoot = "";
			targets = (
				6C48AD7E2ACF0D7A00509F3D /* PokemonApp */,
				6C48AD942ACF0D7C00509F3D /* PokemonAppTests */,
				6C48AD9E2ACF0D7C00509F3D /* PokemonAppUITests */,
			);
		};
/* End PBXProject section */

/* Begin PBXResourcesBuildPhase section */
		6C48AD7D2ACF0D7A00509F3D /* Resources */ = {
			isa = PBXResourcesBuildPhase;
			buildActionMask = 2147483647;
			files = (
				6CF0570C2AD1793000DF42AE /* SF-Pro-Text-Medium.otf in Resources */,
				6CF0570B2AD1793000DF42AE /* SF-Pro-Text-Regular.otf in Resources */,
				6C48AD8F2ACF0D7C00509F3D /* LaunchScreen.storyboard in Resources */,
				6C48AD8C2ACF0D7C00509F3D /* Assets.xcassets in Resources */,
				6CE4D6932AD2FDE2001C6FFF /* ReadMe.md in Resources */,
			);
			runOnlyForDeploymentPostprocessing = 0;
		};
		6C48AD932ACF0D7C00509F3D /* Resources */ = {
			isa = PBXResourcesBuildPhase;
			buildActionMask = 2147483647;
			files = (
			);
			runOnlyForDeploymentPostprocessing = 0;
		};
		6C48AD9D2ACF0D7C00509F3D /* Resources */ = {
			isa = PBXResourcesBuildPhase;
			buildActionMask = 2147483647;
			files = (
			);
			runOnlyForDeploymentPostprocessing = 0;
		};
/* End PBXResourcesBuildPhase section */

/* Begin PBXSourcesBuildPhase section */
		6C48AD7B2ACF0D7A00509F3D /* Sources */ = {
			isa = PBXSourcesBuildPhase;
			buildActionMask = 2147483647;
			files = (
				6C48ADD72ACF21DE00509F3D /* TargetType.swift in Sources */,
				6CF057072AD1744600DF42AE /* SearchCell.swift in Sources */,
				6C48ADE42ACF4B5D00509F3D /* Pokemon.swift in Sources */,
				6CE4D68F2AD2A2A6001C6FFF /* Favorite.swift in Sources */,
				6C726D872AD0844F00B793E0 /* Navigator.swift in Sources */,
				6C726D7F2ACFFBFC00B793E0 /* HomeTabBarItem.swift in Sources */,
				6CF0570E2AD17A1100DF42AE /* UIFont+Extension.swift in Sources */,
				6C48ADD02ACF1F9F00509F3D /* FavoriteViewModel.swift in Sources */,
				6C48ADCA2ACF1F1100509F3D /* SearchViewController.swift in Sources */,
				6C48AD832ACF0D7A00509F3D /* AppDelegate.swift in Sources */,
				6C48AD852ACF0D7A00509F3D /* SceneDelegate.swift in Sources */,
				6C48ADCC2ACF1F6500509F3D /* TabBarController.swift in Sources */,
				6CF057102AD188D000DF42AE /* ContentManager.swift in Sources */,
				6C48ADD22ACF1FD100509F3D /* SearchViewModel.swift in Sources */,
				6C48ADC62ACF1EE800509F3D /* DetailViewController.swift in Sources */,
				6C726D852AD0832700B793E0 /* ViewModel.swift in Sources */,
				6CF057202AD1ECC400DF42AE /* FavoriteCell.swift in Sources */,
				6C48ADC82ACF1EF900509F3D /* FavoriteViewController.swift in Sources */,
				6C48ADDE2ACF46F200509F3D /* Networking.swift in Sources */,
				6C48ADE22ACF4AB500509F3D /* FetchService.swift in Sources */,
				6CF057172AD1D58D00DF42AE /* UIView+Extensions.swift in Sources */,
				6C48ADDC2ACF2F1F00509F3D /* BaseAPI.swift in Sources */,
				6C066B372AD47BE700D5B2C2 /* NavigationController.swift in Sources */,
				6C48ADE02ACF495D00509F3D /* AppConstants.swift in Sources */,
				6CE4D6892AD29FCF001C6FFF /* RealmService.swift in Sources */,
				6C726D8D2AD0971400B793E0 /* ViewController.swift in Sources */,
				6C48ADD42ACF1FDE00509F3D /* TabBarViewModel.swift in Sources */,
				6CF057122AD1934D00DF42AE /* ImageService.swift in Sources */,
				6C48ADCE2ACF1F8F00509F3D /* DetailViewModel.swift in Sources */,
			);
			runOnlyForDeploymentPostprocessing = 0;
		};
		6C48AD912ACF0D7C00509F3D /* Sources */ = {
			isa = PBXSourcesBuildPhase;
			buildActionMask = 2147483647;
			files = (
				6C48AD9A2ACF0D7C00509F3D /* PokemonAppTests.swift in Sources */,
				6CE5AA472AD45E3400818622 /* SearchViewModelTest.swift in Sources */,
			);
			runOnlyForDeploymentPostprocessing = 0;
		};
		6C48AD9B2ACF0D7C00509F3D /* Sources */ = {
			isa = PBXSourcesBuildPhase;
			buildActionMask = 2147483647;
			files = (
				6C48ADA62ACF0D7C00509F3D /* PokemonAppUITestsLaunchTests.swift in Sources */,
				6C48ADA42ACF0D7C00509F3D /* PokemonAppUITests.swift in Sources */,
			);
			runOnlyForDeploymentPostprocessing = 0;
		};
/* End PBXSourcesBuildPhase section */

/* Begin PBXTargetDependency section */
		6C48AD972ACF0D7C00509F3D /* PBXTargetDependency */ = {
			isa = PBXTargetDependency;
			target = 6C48AD7E2ACF0D7A00509F3D /* PokemonApp */;
			targetProxy = 6C48AD962ACF0D7C00509F3D /* PBXContainerItemProxy */;
		};
		6C48ADA12ACF0D7C00509F3D /* PBXTargetDependency */ = {
			isa = PBXTargetDependency;
			target = 6C48AD7E2ACF0D7A00509F3D /* PokemonApp */;
			targetProxy = 6C48ADA02ACF0D7C00509F3D /* PBXContainerItemProxy */;
		};
/* End PBXTargetDependency section */

/* Begin PBXVariantGroup section */
		6C48AD8D2ACF0D7C00509F3D /* LaunchScreen.storyboard */ = {
			isa = PBXVariantGroup;
			children = (
				6C48AD8E2ACF0D7C00509F3D /* Base */,
			);
			name = LaunchScreen.storyboard;
			sourceTree = "<group>";
		};
/* End PBXVariantGroup section */

/* Begin XCBuildConfiguration section */
		6C48ADA72ACF0D7C00509F3D /* Debug */ = {
			isa = XCBuildConfiguration;
			buildSettings = {
				ALWAYS_SEARCH_USER_PATHS = NO;
				ASSETCATALOG_COMPILER_GENERATE_SWIFT_ASSET_SYMBOL_EXTENSIONS = YES;
				CLANG_ANALYZER_NONNULL = YES;
				CLANG_ANALYZER_NUMBER_OBJECT_CONVERSION = YES_AGGRESSIVE;
				CLANG_CXX_LANGUAGE_STANDARD = "gnu++20";
				CLANG_ENABLE_MODULES = YES;
				CLANG_ENABLE_OBJC_ARC = YES;
				CLANG_ENABLE_OBJC_WEAK = YES;
				CLANG_WARN_BLOCK_CAPTURE_AUTORELEASING = YES;
				CLANG_WARN_BOOL_CONVERSION = YES;
				CLANG_WARN_COMMA = YES;
				CLANG_WARN_CONSTANT_CONVERSION = YES;
				CLANG_WARN_DEPRECATED_OBJC_IMPLEMENTATIONS = YES;
				CLANG_WARN_DIRECT_OBJC_ISA_USAGE = YES_ERROR;
				CLANG_WARN_DOCUMENTATION_COMMENTS = YES;
				CLANG_WARN_EMPTY_BODY = YES;
				CLANG_WARN_ENUM_CONVERSION = YES;
				CLANG_WARN_INFINITE_RECURSION = YES;
				CLANG_WARN_INT_CONVERSION = YES;
				CLANG_WARN_NON_LITERAL_NULL_CONVERSION = YES;
				CLANG_WARN_OBJC_IMPLICIT_RETAIN_SELF = YES;
				CLANG_WARN_OBJC_LITERAL_CONVERSION = YES;
				CLANG_WARN_OBJC_ROOT_CLASS = YES_ERROR;
				CLANG_WARN_QUOTED_INCLUDE_IN_FRAMEWORK_HEADER = YES;
				CLANG_WARN_RANGE_LOOP_ANALYSIS = YES;
				CLANG_WARN_STRICT_PROTOTYPES = YES;
				CLANG_WARN_SUSPICIOUS_MOVE = YES;
				CLANG_WARN_UNGUARDED_AVAILABILITY = YES_AGGRESSIVE;
				CLANG_WARN_UNREACHABLE_CODE = YES;
				CLANG_WARN__DUPLICATE_METHOD_MATCH = YES;
				COPY_PHASE_STRIP = NO;
				DEBUG_INFORMATION_FORMAT = dwarf;
				ENABLE_STRICT_OBJC_MSGSEND = YES;
				ENABLE_TESTABILITY = YES;
				ENABLE_USER_SCRIPT_SANDBOXING = YES;
				GCC_C_LANGUAGE_STANDARD = gnu17;
				GCC_DYNAMIC_NO_PIC = NO;
				GCC_NO_COMMON_BLOCKS = YES;
				GCC_OPTIMIZATION_LEVEL = 0;
				GCC_PREPROCESSOR_DEFINITIONS = (
					"DEBUG=1",
					"$(inherited)",
				);
				GCC_WARN_64_TO_32_BIT_CONVERSION = YES;
				GCC_WARN_ABOUT_RETURN_TYPE = YES_ERROR;
				GCC_WARN_UNDECLARED_SELECTOR = YES;
				GCC_WARN_UNINITIALIZED_AUTOS = YES_AGGRESSIVE;
				GCC_WARN_UNUSED_FUNCTION = YES;
				GCC_WARN_UNUSED_VARIABLE = YES;
				IPHONEOS_DEPLOYMENT_TARGET = 13.0;
				LOCALIZATION_PREFERS_STRING_CATALOGS = YES;
				MTL_ENABLE_DEBUG_INFO = INCLUDE_SOURCE;
				MTL_FAST_MATH = YES;
				ONLY_ACTIVE_ARCH = YES;
				SDKROOT = iphoneos;
				SWIFT_ACTIVE_COMPILATION_CONDITIONS = "DEBUG $(inherited)";
				SWIFT_OPTIMIZATION_LEVEL = "-Onone";
			};
			name = Debug;
		};
		6C48ADA82ACF0D7C00509F3D /* Release */ = {
			isa = XCBuildConfiguration;
			buildSettings = {
				ALWAYS_SEARCH_USER_PATHS = NO;
				ASSETCATALOG_COMPILER_GENERATE_SWIFT_ASSET_SYMBOL_EXTENSIONS = YES;
				CLANG_ANALYZER_NONNULL = YES;
				CLANG_ANALYZER_NUMBER_OBJECT_CONVERSION = YES_AGGRESSIVE;
				CLANG_CXX_LANGUAGE_STANDARD = "gnu++20";
				CLANG_ENABLE_MODULES = YES;
				CLANG_ENABLE_OBJC_ARC = YES;
				CLANG_ENABLE_OBJC_WEAK = YES;
				CLANG_WARN_BLOCK_CAPTURE_AUTORELEASING = YES;
				CLANG_WARN_BOOL_CONVERSION = YES;
				CLANG_WARN_COMMA = YES;
				CLANG_WARN_CONSTANT_CONVERSION = YES;
				CLANG_WARN_DEPRECATED_OBJC_IMPLEMENTATIONS = YES;
				CLANG_WARN_DIRECT_OBJC_ISA_USAGE = YES_ERROR;
				CLANG_WARN_DOCUMENTATION_COMMENTS = YES;
				CLANG_WARN_EMPTY_BODY = YES;
				CLANG_WARN_ENUM_CONVERSION = YES;
				CLANG_WARN_INFINITE_RECURSION = YES;
				CLANG_WARN_INT_CONVERSION = YES;
				CLANG_WARN_NON_LITERAL_NULL_CONVERSION = YES;
				CLANG_WARN_OBJC_IMPLICIT_RETAIN_SELF = YES;
				CLANG_WARN_OBJC_LITERAL_CONVERSION = YES;
				CLANG_WARN_OBJC_ROOT_CLASS = YES_ERROR;
				CLANG_WARN_QUOTED_INCLUDE_IN_FRAMEWORK_HEADER = YES;
				CLANG_WARN_RANGE_LOOP_ANALYSIS = YES;
				CLANG_WARN_STRICT_PROTOTYPES = YES;
				CLANG_WARN_SUSPICIOUS_MOVE = YES;
				CLANG_WARN_UNGUARDED_AVAILABILITY = YES_AGGRESSIVE;
				CLANG_WARN_UNREACHABLE_CODE = YES;
				CLANG_WARN__DUPLICATE_METHOD_MATCH = YES;
				COPY_PHASE_STRIP = NO;
				DEBUG_INFORMATION_FORMAT = "dwarf-with-dsym";
				ENABLE_NS_ASSERTIONS = NO;
				ENABLE_STRICT_OBJC_MSGSEND = YES;
				ENABLE_USER_SCRIPT_SANDBOXING = YES;
				GCC_C_LANGUAGE_STANDARD = gnu17;
				GCC_NO_COMMON_BLOCKS = YES;
				GCC_WARN_64_TO_32_BIT_CONVERSION = YES;
				GCC_WARN_ABOUT_RETURN_TYPE = YES_ERROR;
				GCC_WARN_UNDECLARED_SELECTOR = YES;
				GCC_WARN_UNINITIALIZED_AUTOS = YES_AGGRESSIVE;
				GCC_WARN_UNUSED_FUNCTION = YES;
				GCC_WARN_UNUSED_VARIABLE = YES;
				IPHONEOS_DEPLOYMENT_TARGET = 13.0;
				LOCALIZATION_PREFERS_STRING_CATALOGS = YES;
				MTL_ENABLE_DEBUG_INFO = NO;
				MTL_FAST_MATH = YES;
				SDKROOT = iphoneos;
				SWIFT_COMPILATION_MODE = wholemodule;
				VALIDATE_PRODUCT = YES;
			};
			name = Release;
		};
		6C48ADAA2ACF0D7C00509F3D /* Debug */ = {
			isa = XCBuildConfiguration;
			buildSettings = {
				ASSETCATALOG_COMPILER_APPICON_NAME = AppIcon;
				ASSETCATALOG_COMPILER_GLOBAL_ACCENT_COLOR_NAME = AccentColor;
				CODE_SIGN_STYLE = Automatic;
				CURRENT_PROJECT_VERSION = 1;
				DEVELOPMENT_TEAM = 8NRR6YPVP8;
				GENERATE_INFOPLIST_FILE = YES;
				INFOPLIST_FILE = PokemonApp/Resources/Info.plist;
				INFOPLIST_KEY_CFBundleDisplayName = "Pokemon App";
				INFOPLIST_KEY_UIApplicationSupportsIndirectInputEvents = YES;
				INFOPLIST_KEY_UILaunchStoryboardName = LaunchScreen;
				INFOPLIST_KEY_UIMainStoryboardFile = "";
				INFOPLIST_KEY_UISupportedInterfaceOrientations_iPad = "UIInterfaceOrientationPortrait UIInterfaceOrientationPortraitUpsideDown UIInterfaceOrientationLandscapeLeft UIInterfaceOrientationLandscapeRight";
				INFOPLIST_KEY_UISupportedInterfaceOrientations_iPhone = "UIInterfaceOrientationPortrait UIInterfaceOrientationLandscapeLeft UIInterfaceOrientationLandscapeRight";
				IPHONEOS_DEPLOYMENT_TARGET = 13.0;
				LD_RUNPATH_SEARCH_PATHS = (
					"$(inherited)",
					"@executable_path/Frameworks",
				);
				MARKETING_VERSION = 1.0;
				PRODUCT_BUNDLE_IDENTIFIER = com.pokemon.app.PokemonApp;
				PRODUCT_NAME = "$(TARGET_NAME)";
				SWIFT_EMIT_LOC_STRINGS = YES;
				SWIFT_VERSION = 5.0;
				TARGETED_DEVICE_FAMILY = "1,2";
			};
			name = Debug;
		};
		6C48ADAB2ACF0D7C00509F3D /* Release */ = {
			isa = XCBuildConfiguration;
			buildSettings = {
				ASSETCATALOG_COMPILER_APPICON_NAME = AppIcon;
				ASSETCATALOG_COMPILER_GLOBAL_ACCENT_COLOR_NAME = AccentColor;
				CODE_SIGN_STYLE = Automatic;
				CURRENT_PROJECT_VERSION = 1;
				DEVELOPMENT_TEAM = 8NRR6YPVP8;
				GENERATE_INFOPLIST_FILE = YES;
				INFOPLIST_FILE = PokemonApp/Resources/Info.plist;
				INFOPLIST_KEY_CFBundleDisplayName = "Pokemon App";
				INFOPLIST_KEY_UIApplicationSupportsIndirectInputEvents = YES;
				INFOPLIST_KEY_UILaunchStoryboardName = LaunchScreen;
				INFOPLIST_KEY_UIMainStoryboardFile = "";
				INFOPLIST_KEY_UISupportedInterfaceOrientations_iPad = "UIInterfaceOrientationPortrait UIInterfaceOrientationPortraitUpsideDown UIInterfaceOrientationLandscapeLeft UIInterfaceOrientationLandscapeRight";
				INFOPLIST_KEY_UISupportedInterfaceOrientations_iPhone = "UIInterfaceOrientationPortrait UIInterfaceOrientationLandscapeLeft UIInterfaceOrientationLandscapeRight";
				IPHONEOS_DEPLOYMENT_TARGET = 13.0;
				LD_RUNPATH_SEARCH_PATHS = (
					"$(inherited)",
					"@executable_path/Frameworks",
				);
				MARKETING_VERSION = 1.0;
				PRODUCT_BUNDLE_IDENTIFIER = com.pokemon.app.PokemonApp;
				PRODUCT_NAME = "$(TARGET_NAME)";
				SWIFT_EMIT_LOC_STRINGS = YES;
				SWIFT_VERSION = 5.0;
				TARGETED_DEVICE_FAMILY = "1,2";
			};
			name = Release;
		};
		6C48ADAD2ACF0D7C00509F3D /* Debug */ = {
			isa = XCBuildConfiguration;
			buildSettings = {
				ALWAYS_EMBED_SWIFT_STANDARD_LIBRARIES = YES;
				BUNDLE_LOADER = "$(TEST_HOST)";
				CODE_SIGN_STYLE = Automatic;
				CURRENT_PROJECT_VERSION = 1;
				DEVELOPMENT_TEAM = 8NRR6YPVP8;
				GENERATE_INFOPLIST_FILE = YES;
				IPHONEOS_DEPLOYMENT_TARGET = 17.0;
				MARKETING_VERSION = 1.0;
				PRODUCT_BUNDLE_IDENTIFIER = com.pokemon.app.PokemonAppTests;
				PRODUCT_NAME = "$(TARGET_NAME)";
				SWIFT_EMIT_LOC_STRINGS = NO;
				SWIFT_VERSION = 5.0;
				TARGETED_DEVICE_FAMILY = "1,2";
				TEST_HOST = "$(BUILT_PRODUCTS_DIR)/PokemonApp.app/$(BUNDLE_EXECUTABLE_FOLDER_PATH)/PokemonApp";
			};
			name = Debug;
		};
		6C48ADAE2ACF0D7C00509F3D /* Release */ = {
			isa = XCBuildConfiguration;
			buildSettings = {
				ALWAYS_EMBED_SWIFT_STANDARD_LIBRARIES = YES;
				BUNDLE_LOADER = "$(TEST_HOST)";
				CODE_SIGN_STYLE = Automatic;
				CURRENT_PROJECT_VERSION = 1;
				DEVELOPMENT_TEAM = 8NRR6YPVP8;
				GENERATE_INFOPLIST_FILE = YES;
				IPHONEOS_DEPLOYMENT_TARGET = 17.0;
				MARKETING_VERSION = 1.0;
				PRODUCT_BUNDLE_IDENTIFIER = com.pokemon.app.PokemonAppTests;
				PRODUCT_NAME = "$(TARGET_NAME)";
				SWIFT_EMIT_LOC_STRINGS = NO;
				SWIFT_VERSION = 5.0;
				TARGETED_DEVICE_FAMILY = "1,2";
				TEST_HOST = "$(BUILT_PRODUCTS_DIR)/PokemonApp.app/$(BUNDLE_EXECUTABLE_FOLDER_PATH)/PokemonApp";
			};
			name = Release;
		};
		6C48ADB02ACF0D7C00509F3D /* Debug */ = {
			isa = XCBuildConfiguration;
			buildSettings = {
				ALWAYS_EMBED_SWIFT_STANDARD_LIBRARIES = YES;
				CODE_SIGN_STYLE = Automatic;
				CURRENT_PROJECT_VERSION = 1;
				DEVELOPMENT_TEAM = 8NRR6YPVP8;
				GENERATE_INFOPLIST_FILE = YES;
				MARKETING_VERSION = 1.0;
				PRODUCT_BUNDLE_IDENTIFIER = com.pokemon.app.PokemonAppUITests;
				PRODUCT_NAME = "$(TARGET_NAME)";
				SWIFT_EMIT_LOC_STRINGS = NO;
				SWIFT_VERSION = 5.0;
				TARGETED_DEVICE_FAMILY = "1,2";
				TEST_TARGET_NAME = PokemonApp;
			};
			name = Debug;
		};
		6C48ADB12ACF0D7C00509F3D /* Release */ = {
			isa = XCBuildConfiguration;
			buildSettings = {
				ALWAYS_EMBED_SWIFT_STANDARD_LIBRARIES = YES;
				CODE_SIGN_STYLE = Automatic;
				CURRENT_PROJECT_VERSION = 1;
				DEVELOPMENT_TEAM = 8NRR6YPVP8;
				GENERATE_INFOPLIST_FILE = YES;
				MARKETING_VERSION = 1.0;
				PRODUCT_BUNDLE_IDENTIFIER = com.pokemon.app.PokemonAppUITests;
				PRODUCT_NAME = "$(TARGET_NAME)";
				SWIFT_EMIT_LOC_STRINGS = NO;
				SWIFT_VERSION = 5.0;
				TARGETED_DEVICE_FAMILY = "1,2";
				TEST_TARGET_NAME = PokemonApp;
			};
			name = Release;
		};
/* End XCBuildConfiguration section */

/* Begin XCConfigurationList section */
		6C48AD7A2ACF0D7A00509F3D /* Build configuration list for PBXProject "PokemonApp" */ = {
			isa = XCConfigurationList;
			buildConfigurations = (
				6C48ADA72ACF0D7C00509F3D /* Debug */,
				6C48ADA82ACF0D7C00509F3D /* Release */,
			);
			defaultConfigurationIsVisible = 0;
			defaultConfigurationName = Release;
		};
		6C48ADA92ACF0D7C00509F3D /* Build configuration list for PBXNativeTarget "PokemonApp" */ = {
			isa = XCConfigurationList;
			buildConfigurations = (
				6C48ADAA2ACF0D7C00509F3D /* Debug */,
				6C48ADAB2ACF0D7C00509F3D /* Release */,
			);
			defaultConfigurationIsVisible = 0;
			defaultConfigurationName = Release;
		};
		6C48ADAC2ACF0D7C00509F3D /* Build configuration list for PBXNativeTarget "PokemonAppTests" */ = {
			isa = XCConfigurationList;
			buildConfigurations = (
				6C48ADAD2ACF0D7C00509F3D /* Debug */,
				6C48ADAE2ACF0D7C00509F3D /* Release */,
			);
			defaultConfigurationIsVisible = 0;
			defaultConfigurationName = Release;
		};
		6C48ADAF2ACF0D7C00509F3D /* Build configuration list for PBXNativeTarget "PokemonAppUITests" */ = {
			isa = XCConfigurationList;
			buildConfigurations = (
				6C48ADB02ACF0D7C00509F3D /* Debug */,
				6C48ADB12ACF0D7C00509F3D /* Release */,
			);
			defaultConfigurationIsVisible = 0;
			defaultConfigurationName = Release;
		};
/* End XCConfigurationList section */

/* Begin XCRemoteSwiftPackageReference section */
		6C48ADD82ACF221B00509F3D /* XCRemoteSwiftPackageReference "Alamofire" */ = {
			isa = XCRemoteSwiftPackageReference;
			repositoryURL = "https://github.com/Alamofire/Alamofire";
			requirement = {
				kind = upToNextMajorVersion;
				minimumVersion = 5.8.0;
			};
		};
		6CE5AA372AD44F4E00818622 /* XCRemoteSwiftPackageReference "SnapKit" */ = {
			isa = XCRemoteSwiftPackageReference;
			repositoryURL = "https://github.com/SnapKit/SnapKit.git";
			requirement = {
				kind = upToNextMajorVersion;
				minimumVersion = 5.6.0;
			};
		};
		6CF057132AD195FF00DF42AE /* XCRemoteSwiftPackageReference "AlamofireImage" */ = {
			isa = XCRemoteSwiftPackageReference;
			repositoryURL = "https://github.com/Alamofire/AlamofireImage";
			requirement = {
				kind = upToNextMajorVersion;
				minimumVersion = 4.3.0;
			};
		};
		6CF0571B2AD1DE7200DF42AE /* XCRemoteSwiftPackageReference "realm-swift" */ = {
			isa = XCRemoteSwiftPackageReference;
			repositoryURL = "https://github.com/realm/realm-swift.git";
			requirement = {
				branch = master;
				kind = branch;
			};
		};
/* End XCRemoteSwiftPackageReference section */

/* Begin XCSwiftPackageProductDependency section */
		6C48ADD92ACF221B00509F3D /* Alamofire */ = {
			isa = XCSwiftPackageProductDependency;
			package = 6C48ADD82ACF221B00509F3D /* XCRemoteSwiftPackageReference "Alamofire" */;
			productName = Alamofire;
		};
		6CE4D68C2AD2A08E001C6FFF /* RealmSwift */ = {
			isa = XCSwiftPackageProductDependency;
			package = 6CF0571B2AD1DE7200DF42AE /* XCRemoteSwiftPackageReference "realm-swift" */;
			productName = RealmSwift;
		};
		6CE5AA3F2AD450D100818622 /* SnapKit */ = {
			isa = XCSwiftPackageProductDependency;
			package = 6CE5AA372AD44F4E00818622 /* XCRemoteSwiftPackageReference "SnapKit" */;
			productName = SnapKit;
		};
		6CE5AA412AD450EF00818622 /* SnapKit-Dynamic */ = {
			isa = XCSwiftPackageProductDependency;
			package = 6CE5AA372AD44F4E00818622 /* XCRemoteSwiftPackageReference "SnapKit" */;
			productName = "SnapKit-Dynamic";
		};
		6CF057142AD195FF00DF42AE /* AlamofireImage */ = {
			isa = XCSwiftPackageProductDependency;
			package = 6CF057132AD195FF00DF42AE /* XCRemoteSwiftPackageReference "AlamofireImage" */;
			productName = AlamofireImage;
		};
/* End XCSwiftPackageProductDependency section */
	};
	rootObject = 6C48AD772ACF0D7A00509F3D /* Project object */;
}
